
Microsoft Visual Studio Solution File, Format Version 11.00
# Visual Web Developer Express 2010
Project("{FAE04EC0-301F-11D3-BF4B-00C04F79EFBC}") = "jQTaskManager", "jQTaskManager\jQTaskManager.csproj", "{EA687370-9345-45A2-8B42-3CA58D51631B}"
EndProject
Global
	GlobalSection(SolutionConfigurationPlatforms) = preSolution
		Debug|Any CPU = Debug|Any CPU
		Release|Any CPU = Release|Any CPU
	EndGlobalSection
	GlobalSection(ProjectConfigurationPlatforms) = postSolution
		{EA687370-9345-45A2-8B42-3CA58D51631B}.Debug|Any CPU.ActiveCfg = Debug|Any CPU
		{EA687370-9345-45A2-8B42-3CA58D51631B}.Debug|Any CPU.Build.0 = Debug|Any CPU
		{EA687370-9345-45A2-8B42-3CA58D51631B}.Release|Any CPU.ActiveCfg = Release|Any CPU
		{EA687370-9345-45A2-8B42-3CA58D51631B}.Release|Any CPU.Build.0 = Release|Any CPU
	EndGlobalSection
	GlobalSection(SolutionProperties) = preSolution
		HideSolutionNode = FALSE
	EndGlobalSection
EndGlobal
